
Microsoft Visual Studio Solution File, Format Version 12.00
# Visual Studio Version 17
VisualStudioVersion = 17.3.32929.385
MinimumVisualStudioVersion = 10.0.40219.1
Project("{9A19103F-16F7-4668-BE54-9A1E7A4F7556}") = "Ms.Pelicula.Api", "MS\MsPelicula\Ms.Pelicula.Api\Ms.Pelicula.Api.csproj", "{9977BF0C-EC19-433C-952A-3233727C3F3E}"
EndProject
Project("{9A19103F-16F7-4668-BE54-9A1E7A4F7556}") = "Ms.Pelicula.Infraestructura", "MS\MsPelicula\Ms.Pelicula.Infraestructura\Ms.Pelicula.Infraestructura.csproj", "{E3898A0C-A88A-48E7-B827-AEA84E68839F}"
EndProject
Project("{9A19103F-16F7-4668-BE54-9A1E7A4F7556}") = "Ms.Pelicula.Dominio", "MS\MsPelicula\Ms.Pelicula.Dominio\Ms.Pelicula.Dominio.csproj", "{F62708E0-1785-47CA-AB7D-9FB6FE263072}"
EndProject
Project("{9A19103F-16F7-4668-BE54-9A1E7A4F7556}") = "Ms.Pelicula.Aplicacion", "MS\MsPelicula\Ms.Pelicula.Aplicacion\Ms.Pelicula.Aplicacion.csproj", "{CCF3C433-3818-497B-A1C8-E615BE37D29F}"
EndProject
Project("{2150E333-8FDC-42A3-9474-1A3956D46DE8}") = "MsPelicula", "MsPelicula", "{49F41FFE-F395-4048-B96C-E845774CD1BE}"
EndProject
Project("{2150E333-8FDC-42A3-9474-1A3956D46DE8}") = "MsAlquiler", "MsAlquiler", "{3B5973ED-0B1B-45A4-B49D-9E52D953200F}"
EndProject
Project("{2150E333-8FDC-42A3-9474-1A3956D46DE8}") = "MsRecarga", "MsRecarga", "{90EBC732-708B-4A18-B842-7282CBCF39A7}"
EndProject
Project("{2150E333-8FDC-42A3-9474-1A3956D46DE8}") = "MsMaestro", "MsMaestro", "{645B58A5-0946-4CC8-BD66-0A6969DCD48E}"
EndProject
Project("{9A19103F-16F7-4668-BE54-9A1E7A4F7556}") = "Ms.Alquiler.Api", "MS\MsAlquiler\Ms.Alquiler.Api\Ms.Alquiler.Api.csproj", "{9ED8C17B-5D2D-4970-B6D7-61F605B28822}"
EndProject
Project("{9A19103F-16F7-4668-BE54-9A1E7A4F7556}") = "Ms.Maestro.Api", "MS\MsMaestro\Ms.Maestro.Api\Ms.Maestro.Api.csproj", "{0D293259-6717-456A-88E5-DDBA427D8000}"
EndProject
Project("{9A19103F-16F7-4668-BE54-9A1E7A4F7556}") = "Ms.Recarga.Api", "MS\MsRecarga\Ms.Recarga.Api\Ms.Recarga.Api.csproj", "{1693248C-1C5A-4A6B-8DCC-32486E72C0A0}"
EndProject
Project("{2150E333-8FDC-42A3-9474-1A3956D46DE8}") = "API Gateway", "API Gateway", "{0FF8EF12-E5DF-42BB-B836-2F5D1E98F0E9}"
EndProject
Project("{9A19103F-16F7-4668-BE54-9A1E7A4F7556}") = "Gateway.Api", "API Gateway\Gateway.Api\Gateway.Api.csproj", "{556DCC59-7F44-4CC9-9C66-525FF6F1A153}"
EndProject
Project("{2150E333-8FDC-42A3-9474-1A3956D46DE8}") = "MS", "MS", "{7DEE648F-8745-4367-9908-7B0E6C890C81}"
EndProject
Project("{9A19103F-16F7-4668-BE54-9A1E7A4F7556}") = "Ms.Alquiler.Aplicacion", "MS\MsAlquiler\Ms.Alquiler.Aplicacion\Ms.Alquiler.Aplicacion.csproj", "{BB5BD36F-4127-4D89-9BB1-7607B45ADFDB}"
EndProject
Project("{9A19103F-16F7-4668-BE54-9A1E7A4F7556}") = "Ms.Alquiler.Infraestructura", "MS\MsAlquiler\Ms.Alquiler.Infraestructura\Ms.Alquiler.Infraestructura.csproj", "{00425DCE-05C1-4A9E-96BF-554E122A539C}"
EndProject
Project("{9A19103F-16F7-4668-BE54-9A1E7A4F7556}") = "Ms.Alquiler.Dominio", "MS\MsAlquiler\Ms.Alquiler.Dominio\Ms.Alquiler.Dominio.csproj", "{5DEC49FD-4AB5-497F-9338-D2B2C69DEBB9}"
EndProject
Project("{9A19103F-16F7-4668-BE54-9A1E7A4F7556}") = "Ms.Recarga.Dominio", "MS\MsRecarga\Ms.Recarga.Dominio\Ms.Recarga.Dominio.csproj", "{08A14E59-4787-41A6-AB29-63615E57FD36}"
EndProject
Project("{9A19103F-16F7-4668-BE54-9A1E7A4F7556}") = "Ms.Recarga.Infraestructura", "MS\MsRecarga\Ms.Recarga.Infraestructura\Ms.Recarga.Infraestructura.csproj", "{FD4D718E-734C-493C-9268-07C5333E1B46}"
EndProject
Project("{9A19103F-16F7-4668-BE54-9A1E7A4F7556}") = "Ms.Recarga.Aplicacion", "MS\MsRecarga\Ms.Recarga.Aplicacion\Ms.Recarga.Aplicacion.csproj", "{37DFACC9-8A60-4252-B392-1EFBD4CE6536}"
EndProject
Project("{9A19103F-16F7-4668-BE54-9A1E7A4F7556}") = "Ms.Maestro.Aplicacion", "MS\MsMaestro\Ms.Maestro.Aplicacion\Ms.Maestro.Aplicacion.csproj", "{E6E9D257-CDA5-415C-BC7C-D4AB0DA6E68E}"
EndProject
Project("{9A19103F-16F7-4668-BE54-9A1E7A4F7556}") = "Ms.Maestro.Dominio", "MS\MsMaestro\Ms.Maestro.Dominio\Ms.Maestro.Dominio.csproj", "{2F778BA2-EDB7-4DED-B787-6AE07FEF70B3}"
EndProject
Project("{9A19103F-16F7-4668-BE54-9A1E7A4F7556}") = "Ms.Maestro.Infraestructura", "MS\MsMaestro\Ms.Maestro.Infraestructura\Ms.Maestro.Infraestructura.csproj", "{C8503136-99FB-47D4-83B5-74D401C23804}"
EndProject
Project("{9A19103F-16F7-4668-BE54-9A1E7A4F7556}") = "Gateway.Aplicacion", "API Gateway\Gateway.Aplicacion\Gateway.Aplicacion.csproj", "{49F41798-8AAD-497C-B347-D6C198B922E1}"
EndProject
Project("{2150E333-8FDC-42A3-9474-1A3956D46DE8}") = "MsCliente", "MsCliente", "{30A68BBF-9183-417F-ADEC-A3A598EB3AD2}"
EndProject
Project("{FAE04EC0-301F-11D3-BF4B-00C04F79EFBC}") = "Ms.Cliente.Infraestructura", "MS\MsCliente\Ms.Cliente.Infraestructura\Ms.Cliente.Infraestructura.csproj", "{218D217B-366C-4D1F-AFB2-18A8196A6006}"
EndProject
Project("{FAE04EC0-301F-11D3-BF4B-00C04F79EFBC}") = "Ms.Cliente.Dominio", "MS\MsCliente\Ms.Cliente.Dominio\Ms.Cliente.Dominio.csproj", "{6169321B-555A-4B23-A6BF-29FB5569CA50}"
EndProject
Project("{FAE04EC0-301F-11D3-BF4B-00C04F79EFBC}") = "Ms.Cliente.Aplicacion", "MS\MsCliente\Ms.Cliente.Aplicacion\Ms.Cliente.Aplicacion.csproj", "{A04C9D07-739D-4514-B527-65D4F1D1E882}"
EndProject
Project("{FAE04EC0-301F-11D3-BF4B-00C04F79EFBC}") = "Ms.Cliente.Api", "MS\MsCliente\Ms.Cliente.Api\Ms.Cliente.Api.csproj", "{BDB06C74-B413-4C1A-825D-C61959083FAA}"
EndProject
Global
	GlobalSection(SolutionConfigurationPlatforms) = preSolution
		Debug|Any CPU = Debug|Any CPU
		Release|Any CPU = Release|Any CPU
	EndGlobalSection
	GlobalSection(ProjectConfigurationPlatforms) = postSolution
		{9977BF0C-EC19-433C-952A-3233727C3F3E}.Debug|Any CPU.ActiveCfg = Debug|Any CPU
		{9977BF0C-EC19-433C-952A-3233727C3F3E}.Debug|Any CPU.Build.0 = Debug|Any CPU
		{9977BF0C-EC19-433C-952A-3233727C3F3E}.Release|Any CPU.ActiveCfg = Release|Any CPU
		{9977BF0C-EC19-433C-952A-3233727C3F3E}.Release|Any CPU.Build.0 = Release|Any CPU
		{E3898A0C-A88A-48E7-B827-AEA84E68839F}.Debug|Any CPU.ActiveCfg = Debug|Any CPU
		{E3898A0C-A88A-48E7-B827-AEA84E68839F}.Debug|Any CPU.Build.0 = Debug|Any CPU
		{E3898A0C-A88A-48E7-B827-AEA84E68839F}.Release|Any CPU.ActiveCfg = Release|Any CPU
		{E3898A0C-A88A-48E7-B827-AEA84E68839F}.Release|Any CPU.Build.0 = Release|Any CPU
		{F62708E0-1785-47CA-AB7D-9FB6FE263072}.Debug|Any CPU.ActiveCfg = Debug|Any CPU
		{F62708E0-1785-47CA-AB7D-9FB6FE263072}.Debug|Any CPU.Build.0 = Debug|Any CPU
		{F62708E0-1785-47CA-AB7D-9FB6FE263072}.Release|Any CPU.ActiveCfg = Release|Any CPU
		{F62708E0-1785-47CA-AB7D-9FB6FE263072}.Release|Any CPU.Build.0 = Release|Any CPU
		{CCF3C433-3818-497B-A1C8-E615BE37D29F}.Debug|Any CPU.ActiveCfg = Debug|Any CPU
		{CCF3C433-3818-497B-A1C8-E615BE37D29F}.Debug|Any CPU.Build.0 = Debug|Any CPU
		{CCF3C433-3818-497B-A1C8-E615BE37D29F}.Release|Any CPU.ActiveCfg = Release|Any CPU
		{CCF3C433-3818-497B-A1C8-E615BE37D29F}.Release|Any CPU.Build.0 = Release|Any CPU
		{9ED8C17B-5D2D-4970-B6D7-61F605B28822}.Debug|Any CPU.ActiveCfg = Debug|Any CPU
		{9ED8C17B-5D2D-4970-B6D7-61F605B28822}.Debug|Any CPU.Build.0 = Debug|Any CPU
		{9ED8C17B-5D2D-4970-B6D7-61F605B28822}.Release|Any CPU.ActiveCfg = Release|Any CPU
		{9ED8C17B-5D2D-4970-B6D7-61F605B28822}.Release|Any CPU.Build.0 = Release|Any CPU
		{0D293259-6717-456A-88E5-DDBA427D8000}.Debug|Any CPU.ActiveCfg = Debug|Any CPU
		{0D293259-6717-456A-88E5-DDBA427D8000}.Debug|Any CPU.Build.0 = Debug|Any CPU
		{0D293259-6717-456A-88E5-DDBA427D8000}.Release|Any CPU.ActiveCfg = Release|Any CPU
		{0D293259-6717-456A-88E5-DDBA427D8000}.Release|Any CPU.Build.0 = Release|Any CPU
		{1693248C-1C5A-4A6B-8DCC-32486E72C0A0}.Debug|Any CPU.ActiveCfg = Debug|Any CPU
		{1693248C-1C5A-4A6B-8DCC-32486E72C0A0}.Debug|Any CPU.Build.0 = Debug|Any CPU
		{1693248C-1C5A-4A6B-8DCC-32486E72C0A0}.Release|Any CPU.ActiveCfg = Release|Any CPU
		{1693248C-1C5A-4A6B-8DCC-32486E72C0A0}.Release|Any CPU.Build.0 = Release|Any CPU
		{556DCC59-7F44-4CC9-9C66-525FF6F1A153}.Debug|Any CPU.ActiveCfg = Debug|Any CPU
		{556DCC59-7F44-4CC9-9C66-525FF6F1A153}.Debug|Any CPU.Build.0 = Debug|Any CPU
		{556DCC59-7F44-4CC9-9C66-525FF6F1A153}.Release|Any CPU.ActiveCfg = Release|Any CPU
		{556DCC59-7F44-4CC9-9C66-525FF6F1A153}.Release|Any CPU.Build.0 = Release|Any CPU
		{BB5BD36F-4127-4D89-9BB1-7607B45ADFDB}.Debug|Any CPU.ActiveCfg = Debug|Any CPU
		{BB5BD36F-4127-4D89-9BB1-7607B45ADFDB}.Debug|Any CPU.Build.0 = Debug|Any CPU
		{BB5BD36F-4127-4D89-9BB1-7607B45ADFDB}.Release|Any CPU.ActiveCfg = Release|Any CPU
		{BB5BD36F-4127-4D89-9BB1-7607B45ADFDB}.Release|Any CPU.Build.0 = Release|Any CPU
		{00425DCE-05C1-4A9E-96BF-554E122A539C}.Debug|Any CPU.ActiveCfg = Debug|Any CPU
		{00425DCE-05C1-4A9E-96BF-554E122A539C}.Debug|Any CPU.Build.0 = Debug|Any CPU
		{00425DCE-05C1-4A9E-96BF-554E122A539C}.Release|Any CPU.ActiveCfg = Release|Any CPU
		{00425DCE-05C1-4A9E-96BF-554E122A539C}.Release|Any CPU.Build.0 = Release|Any CPU
		{5DEC49FD-4AB5-497F-9338-D2B2C69DEBB9}.Debug|Any CPU.ActiveCfg = Debug|Any CPU
		{5DEC49FD-4AB5-497F-9338-D2B2C69DEBB9}.Debug|Any CPU.Build.0 = Debug|Any CPU
		{5DEC49FD-4AB5-497F-9338-D2B2C69DEBB9}.Release|Any CPU.ActiveCfg = Release|Any CPU
		{5DEC49FD-4AB5-497F-9338-D2B2C69DEBB9}.Release|Any CPU.Build.0 = Release|Any CPU
		{08A14E59-4787-41A6-AB29-63615E57FD36}.Debug|Any CPU.ActiveCfg = Debug|Any CPU
		{08A14E59-4787-41A6-AB29-63615E57FD36}.Debug|Any CPU.Build.0 = Debug|Any CPU
		{08A14E59-4787-41A6-AB29-63615E57FD36}.Release|Any CPU.ActiveCfg = Release|Any CPU
		{08A14E59-4787-41A6-AB29-63615E57FD36}.Release|Any CPU.Build.0 = Release|Any CPU
		{FD4D718E-734C-493C-9268-07C5333E1B46}.Debug|Any CPU.ActiveCfg = Debug|Any CPU
		{FD4D718E-734C-493C-9268-07C5333E1B46}.Debug|Any CPU.Build.0 = Debug|Any CPU
		{FD4D718E-734C-493C-9268-07C5333E1B46}.Release|Any CPU.ActiveCfg = Release|Any CPU
		{FD4D718E-734C-493C-9268-07C5333E1B46}.Release|Any CPU.Build.0 = Release|Any CPU
		{37DFACC9-8A60-4252-B392-1EFBD4CE6536}.Debug|Any CPU.ActiveCfg = Debug|Any CPU
		{37DFACC9-8A60-4252-B392-1EFBD4CE6536}.Debug|Any CPU.Build.0 = Debug|Any CPU
		{37DFACC9-8A60-4252-B392-1EFBD4CE6536}.Release|Any CPU.ActiveCfg = Release|Any CPU
		{37DFACC9-8A60-4252-B392-1EFBD4CE6536}.Release|Any CPU.Build.0 = Release|Any CPU
		{E6E9D257-CDA5-415C-BC7C-D4AB0DA6E68E}.Debug|Any CPU.ActiveCfg = Debug|Any CPU
		{E6E9D257-CDA5-415C-BC7C-D4AB0DA6E68E}.Debug|Any CPU.Build.0 = Debug|Any CPU
		{E6E9D257-CDA5-415C-BC7C-D4AB0DA6E68E}.Release|Any CPU.ActiveCfg = Release|Any CPU
		{E6E9D257-CDA5-415C-BC7C-D4AB0DA6E68E}.Release|Any CPU.Build.0 = Release|Any CPU
		{2F778BA2-EDB7-4DED-B787-6AE07FEF70B3}.Debug|Any CPU.ActiveCfg = Debug|Any CPU
		{2F778BA2-EDB7-4DED-B787-6AE07FEF70B3}.Debug|Any CPU.Build.0 = Debug|Any CPU
		{2F778BA2-EDB7-4DED-B787-6AE07FEF70B3}.Release|Any CPU.ActiveCfg = Release|Any CPU
		{2F778BA2-EDB7-4DED-B787-6AE07FEF70B3}.Release|Any CPU.Build.0 = Release|Any CPU
		{C8503136-99FB-47D4-83B5-74D401C23804}.Debug|Any CPU.ActiveCfg = Debug|Any CPU
		{C8503136-99FB-47D4-83B5-74D401C23804}.Debug|Any CPU.Build.0 = Debug|Any CPU
		{C8503136-99FB-47D4-83B5-74D401C23804}.Release|Any CPU.ActiveCfg = Release|Any CPU
		{C8503136-99FB-47D4-83B5-74D401C23804}.Release|Any CPU.Build.0 = Release|Any CPU
		{49F41798-8AAD-497C-B347-D6C198B922E1}.Debug|Any CPU.ActiveCfg = Debug|Any CPU
		{49F41798-8AAD-497C-B347-D6C198B922E1}.Debug|Any CPU.Build.0 = Debug|Any CPU
		{49F41798-8AAD-497C-B347-D6C198B922E1}.Release|Any CPU.ActiveCfg = Release|Any CPU
		{49F41798-8AAD-497C-B347-D6C198B922E1}.Release|Any CPU.Build.0 = Release|Any CPU
		{218D217B-366C-4D1F-AFB2-18A8196A6006}.Debug|Any CPU.ActiveCfg = Debug|Any CPU
		{218D217B-366C-4D1F-AFB2-18A8196A6006}.Debug|Any CPU.Build.0 = Debug|Any CPU
		{218D217B-366C-4D1F-AFB2-18A8196A6006}.Release|Any CPU.ActiveCfg = Release|Any CPU
		{218D217B-366C-4D1F-AFB2-18A8196A6006}.Release|Any CPU.Build.0 = Release|Any CPU
		{6169321B-555A-4B23-A6BF-29FB5569CA50}.Debug|Any CPU.ActiveCfg = Debug|Any CPU
		{6169321B-555A-4B23-A6BF-29FB5569CA50}.Debug|Any CPU.Build.0 = Debug|Any CPU
		{6169321B-555A-4B23-A6BF-29FB5569CA50}.Release|Any CPU.ActiveCfg = Release|Any CPU
		{6169321B-555A-4B23-A6BF-29FB5569CA50}.Release|Any CPU.Build.0 = Release|Any CPU
		{A04C9D07-739D-4514-B527-65D4F1D1E882}.Debug|Any CPU.ActiveCfg = Debug|Any CPU
		{A04C9D07-739D-4514-B527-65D4F1D1E882}.Debug|Any CPU.Build.0 = Debug|Any CPU
		{A04C9D07-739D-4514-B527-65D4F1D1E882}.Release|Any CPU.ActiveCfg = Release|Any CPU
		{A04C9D07-739D-4514-B527-65D4F1D1E882}.Release|Any CPU.Build.0 = Release|Any CPU
		{BDB06C74-B413-4C1A-825D-C61959083FAA}.Debug|Any CPU.ActiveCfg = Debug|Any CPU
		{BDB06C74-B413-4C1A-825D-C61959083FAA}.Debug|Any CPU.Build.0 = Debug|Any CPU
		{BDB06C74-B413-4C1A-825D-C61959083FAA}.Release|Any CPU.ActiveCfg = Release|Any CPU
		{BDB06C74-B413-4C1A-825D-C61959083FAA}.Release|Any CPU.Build.0 = Release|Any CPU
	EndGlobalSection
	GlobalSection(SolutionProperties) = preSolution
		HideSolutionNode = FALSE
	EndGlobalSection
	GlobalSection(NestedProjects) = preSolution
		{9977BF0C-EC19-433C-952A-3233727C3F3E} = {49F41FFE-F395-4048-B96C-E845774CD1BE}
		{E3898A0C-A88A-48E7-B827-AEA84E68839F} = {49F41FFE-F395-4048-B96C-E845774CD1BE}
		{F62708E0-1785-47CA-AB7D-9FB6FE263072} = {49F41FFE-F395-4048-B96C-E845774CD1BE}
		{CCF3C433-3818-497B-A1C8-E615BE37D29F} = {49F41FFE-F395-4048-B96C-E845774CD1BE}
		{49F41FFE-F395-4048-B96C-E845774CD1BE} = {7DEE648F-8745-4367-9908-7B0E6C890C81}
		{3B5973ED-0B1B-45A4-B49D-9E52D953200F} = {7DEE648F-8745-4367-9908-7B0E6C890C81}
		{90EBC732-708B-4A18-B842-7282CBCF39A7} = {7DEE648F-8745-4367-9908-7B0E6C890C81}
		{645B58A5-0946-4CC8-BD66-0A6969DCD48E} = {7DEE648F-8745-4367-9908-7B0E6C890C81}
		{9ED8C17B-5D2D-4970-B6D7-61F605B28822} = {3B5973ED-0B1B-45A4-B49D-9E52D953200F}
		{0D293259-6717-456A-88E5-DDBA427D8000} = {645B58A5-0946-4CC8-BD66-0A6969DCD48E}
		{1693248C-1C5A-4A6B-8DCC-32486E72C0A0} = {90EBC732-708B-4A18-B842-7282CBCF39A7}
		{556DCC59-7F44-4CC9-9C66-525FF6F1A153} = {0FF8EF12-E5DF-42BB-B836-2F5D1E98F0E9}
		{BB5BD36F-4127-4D89-9BB1-7607B45ADFDB} = {3B5973ED-0B1B-45A4-B49D-9E52D953200F}
		{00425DCE-05C1-4A9E-96BF-554E122A539C} = {3B5973ED-0B1B-45A4-B49D-9E52D953200F}
		{5DEC49FD-4AB5-497F-9338-D2B2C69DEBB9} = {3B5973ED-0B1B-45A4-B49D-9E52D953200F}
		{08A14E59-4787-41A6-AB29-63615E57FD36} = {90EBC732-708B-4A18-B842-7282CBCF39A7}
		{FD4D718E-734C-493C-9268-07C5333E1B46} = {90EBC732-708B-4A18-B842-7282CBCF39A7}
		{37DFACC9-8A60-4252-B392-1EFBD4CE6536} = {90EBC732-708B-4A18-B842-7282CBCF39A7}
		{E6E9D257-CDA5-415C-BC7C-D4AB0DA6E68E} = {645B58A5-0946-4CC8-BD66-0A6969DCD48E}
		{2F778BA2-EDB7-4DED-B787-6AE07FEF70B3} = {645B58A5-0946-4CC8-BD66-0A6969DCD48E}
		{C8503136-99FB-47D4-83B5-74D401C23804} = {645B58A5-0946-4CC8-BD66-0A6969DCD48E}
		{49F41798-8AAD-497C-B347-D6C198B922E1} = {0FF8EF12-E5DF-42BB-B836-2F5D1E98F0E9}
		{30A68BBF-9183-417F-ADEC-A3A598EB3AD2} = {7DEE648F-8745-4367-9908-7B0E6C890C81}
		{218D217B-366C-4D1F-AFB2-18A8196A6006} = {30A68BBF-9183-417F-ADEC-A3A598EB3AD2}
		{6169321B-555A-4B23-A6BF-29FB5569CA50} = {30A68BBF-9183-417F-ADEC-A3A598EB3AD2}
		{A04C9D07-739D-4514-B527-65D4F1D1E882} = {30A68BBF-9183-417F-ADEC-A3A598EB3AD2}
		{BDB06C74-B413-4C1A-825D-C61959083FAA} = {30A68BBF-9183-417F-ADEC-A3A598EB3AD2}
	EndGlobalSection
	GlobalSection(ExtensibilityGlobals) = postSolution
		SolutionGuid = {27844B6B-8497-4BF0-9E47-DC8B7F3DF28C}
	EndGlobalSection
EndGlobal
